// !$*UTF8*$!
{
	archiveVersion = 1;
	classes = {
	};
	objectVersion = 77;
	objects = {

/* Begin PBXBuildFile section */
		312EE4EE2E5B606900CF131D /* GPUImage in Frameworks */ = {isa = PBXBuildFile; productRef = 312EE4ED2E5B606900CF131D /* GPUImage */; };
		315A6A1C2E61024200358C5D /* FilterCamDependencies in Frameworks */ = {isa = PBXBuildFile; productRef = 315A6A1B2E61024200358C5D /* FilterCamDependencies */; };
		315A6A1E2E61024E00358C5D /* FilterCamDependencies in Frameworks */ = {isa = PBXBuildFile; productRef = 315A6A1D2E61024E00358C5D /* FilterCamDependencies */; };
		3174E16E2E552BE2006D6EB3 /* FilterCamCaptureExtension.appex in Embed ExtensionKit Extensions */ = {isa = PBXBuildFile; fileRef = 3174E1652E552BE2006D6EB3 /* FilterCamCaptureExtension.appex */; settings = {ATTRIBUTES = (RemoveHeadersOnCopy, ); }; };
		3174E1992E55310D006D6EB3 /* WidgetKit.framework in Frameworks */ = {isa = PBXBuildFile; fileRef = 3174E1982E55310D006D6EB3 /* WidgetKit.framework */; };
		3174E19B2E55310D006D6EB3 /* SwiftUI.framework in Frameworks */ = {isa = PBXBuildFile; fileRef = 3174E19A2E55310D006D6EB3 /* SwiftUI.framework */; };
		3174E1A82E553110006D6EB3 /* FilterCamWidgetsExtension.appex in Embed Foundation Extensions */ = {isa = PBXBuildFile; fileRef = 3174E1962E55310D006D6EB3 /* FilterCamWidgetsExtension.appex */; settings = {ATTRIBUTES = (RemoveHeadersOnCopy, ); }; };
		31AD532C2E61DE7E00ED5453 /* FilterCamShared in Frameworks */ = {isa = PBXBuildFile; productRef = 31AD532B2E61DE7E00ED5453 /* FilterCamShared */; };
		31AD54722E61EF3F00ED5453 /* FilterCamUtilities in Frameworks */ = {isa = PBXBuildFile; productRef = 31AD54712E61EF3F00ED5453 /* FilterCamUtilities */; };
		31AD54762E61F0C900ED5453 /* FilterCamCore in Frameworks */ = {isa = PBXBuildFile; productRef = 31AD54752E61F0C900ED5453 /* FilterCamCore */; };
		31DF54572E592C8D00790201 /* GPUImage in Frameworks */ = {isa = PBXBuildFile; productRef = 31DF54562E592C8D00790201 /* GPUImage */; };
		31DF54722E593DE000790201 /* GPUImage in Frameworks */ = {isa = PBXBuildFile; productRef = 31DF54712E593DE000790201 /* GPUImage */; };
/* End PBXBuildFile section */

/* Begin PBXContainerItemProxy section */
		3174E16C2E552BE2006D6EB3 /* PBXContainerItemProxy */ = {
			isa = PBXContainerItemProxy;
			containerPortal = 31AB53192E54D66F00A51742 /* Project object */;
			proxyType = 1;
			remoteGlobalIDString = 3174E1642E552BE2006D6EB3;
			remoteInfo = FilterCamCaptureExtension;
		};
		3174E1A62E553110006D6EB3 /* PBXContainerItemProxy */ = {
			isa = PBXContainerItemProxy;
			containerPortal = 31AB53192E54D66F00A51742 /* Project object */;
			proxyType = 1;
			remoteGlobalIDString = 3174E1952E55310D006D6EB3;
			remoteInfo = FilterCamWidgetsExtension;
		};
/* End PBXContainerItemProxy section */

/* Begin PBXCopyFilesBuildPhase section */
		3174E1732E552BE2006D6EB3 /* Embed ExtensionKit Extensions */ = {
			isa = PBXCopyFilesBuildPhase;
			buildActionMask = 2147483647;
			dstPath = "$(EXTENSIONS_FOLDER_PATH)";
			dstSubfolderSpec = 16;
			files = (
				3174E16E2E552BE2006D6EB3 /* FilterCamCaptureExtension.appex in Embed ExtensionKit Extensions */,
			);
			name = "Embed ExtensionKit Extensions";
			runOnlyForDeploymentPostprocessing = 0;
		};
		3174E1AD2E553110006D6EB3 /* Embed Foundation Extensions */ = {
			isa = PBXCopyFilesBuildPhase;
			buildActionMask = 2147483647;
			dstPath = "";
			dstSubfolderSpec = 13;
			files = (
				3174E1A82E553110006D6EB3 /* FilterCamWidgetsExtension.appex in Embed Foundation Extensions */,
			);
			name = "Embed Foundation Extensions";
			runOnlyForDeploymentPostprocessing = 0;
		};
/* End PBXCopyFilesBuildPhase section */

/* Begin PBXFileReference section */
		3174E1652E552BE2006D6EB3 /* FilterCamCaptureExtension.appex */ = {isa = PBXFileReference; explicitFileType = "wrapper.extensionkit-extension"; includeInIndex = 0; path = FilterCamCaptureExtension.appex; sourceTree = BUILT_PRODUCTS_DIR; };
		3174E1962E55310D006D6EB3 /* FilterCamWidgetsExtension.appex */ = {isa = PBXFileReference; explicitFileType = "wrapper.app-extension"; includeInIndex = 0; path = FilterCamWidgetsExtension.appex; sourceTree = BUILT_PRODUCTS_DIR; };
		3174E1982E55310D006D6EB3 /* WidgetKit.framework */ = {isa = PBXFileReference; lastKnownFileType = wrapper.framework; name = WidgetKit.framework; path = System/Library/Frameworks/WidgetKit.framework; sourceTree = SDKROOT; };
		3174E19A2E55310D006D6EB3 /* SwiftUI.framework */ = {isa = PBXFileReference; lastKnownFileType = wrapper.framework; name = SwiftUI.framework; path = System/Library/Frameworks/SwiftUI.framework; sourceTree = SDKROOT; };
		31AB53212E54D66F00A51742 /* FilterCam.app */ = {isa = PBXFileReference; explicitFileType = wrapper.application; includeInIndex = 0; path = FilterCam.app; sourceTree = BUILT_PRODUCTS_DIR; };
/* End PBXFileReference section */

/* Begin PBXFileSystemSynchronizedBuildFileExceptionSet section */
		31218E602E5C54B70006A606 /* Exceptions for "FilterCam" folder in "FilterCam" target */ = {
			isa = PBXFileSystemSynchronizedBuildFileExceptionSet;
			membershipExceptions = (
				"Models/CustomFilter+Noop.swift",
				Modules/FilterCamDependencies,
				Modules/Internal/FilterCamInterfaces,
				Modules/Internal/FilterCamMacros,
				Modules/Internal/FilterCamUtilities,
			);
			target = 31AB53202E54D66F00A51742 /* FilterCam */;
		};
		3174E16F2E552BE2006D6EB3 /* Exceptions for "FilterCamCaptureExtension" folder in "FilterCamCaptureExtension" target */ = {
			isa = PBXFileSystemSynchronizedBuildFileExceptionSet;
			membershipExceptions = (
				Info.plist,
			);
			target = 3174E1642E552BE2006D6EB3 /* FilterCamCaptureExtension */;
		};
		3174E1752E552C7F006D6EB3 /* Exceptions for "FilterCam" folder in "FilterCamCaptureExtension" target */ = {
			isa = PBXFileSystemSynchronizedBuildFileExceptionSet;
			membershipExceptions = (
				"Dependencies/CameraModel+Dependency.swift",
				"Dependencies/Database+Dependency.swift",
				"Dependencies/MediaStore+Dependency.swift",
				Environment/AppConfiguration.swift,
				"Environment/AppConfiguration+Environment.swift",
				"Environment/CaptureExtension+Environment.swift",
				"Environment/DatabaseService+Environment.swift",
				"Environment/MediaStore+Environment.swift",
				"Environment/ThermalState+Environment.swift",
				"Extensions/Logger+.swift",
				Models/CustomFilter.swift,
				"Models/CustomFilter+FilterChain.swift",
				"Preview Content/Preview Assets.xcassets",
				Protocols/OutputService/MovieOutputService.swift,
				Protocols/OutputService/PhotoOutputService.swift,
				Resources/Assets.xcassets,
				Services/CaptureService.swift,
				Services/MotionService.swift,
				Shapes/LevelShape.swift,
				Shapes/TargetShape.swift,
				Types/CaptureOutputs/DefaultMovieCaptureOutput.swift,
				Types/CaptureOutputs/DefaultPhotoCaptureOutput.swift,
				Types/CaptureOutputs/MetalMovieCaptureOutput.swift,
				Types/CaptureOutputs/MetalPhotoCaptureOutput.swift,
				Types/CaptureOutputs/StaticPhotoCaptureOutput.swift,
				Types/DatabaseServices/DefaultDatabaseService.swift,
				Types/DatabaseServices/InMemoryDatabaseService.swift,
				Types/Errors/CameraError.swift,
				Types/Errors/PhotoCaptureError.swift,
				Types/Errors/VideoRecordingError.swift,
				"Types/Filters/CameraFilter+Configurations.swift",
				Types/Filters/FilterChain.swift,
				Types/Filters/FilterStack.swift,
				Types/OutputMedia/AnyOutputMedium.swift,
				Types/OutputMedia/Photo.swift,
				Types/OutputMedia/Video.swift,
				Types/OutputServices/DefaultMovieOutputService.swift,
				Types/OutputServices/DefaultPhotoOutputService.swift,
				Types/OutputServices/MetalMovieOutputService.swift,
				Types/OutputServices/MetalPhotoOutputService.swift,
				Types/OutputServices/StaticPhotoOutputService.swift,
				Types/PreviewSources/DefaultPreviewSource.swift,
				Types/PreviewSources/MetalCameraSource.swift,
				Types/PreviewSources/StaticImageSource.swift,
				Types/PreviewTargets/DefaultPreviewTarget.swift,
				Types/PreviewTargets/MetalPreviewTarget.swift,
				Types/PreviewTargets/StaticImageTarget.swift,
				Utilities/AsyncSubject.swift,
				Utilities/Backport.swift,
				Utilities/DeviceLookup.swift,
				Utilities/KVOAsyncObserver.swift,
				Utilities/Layouts/RadialLayout.swift,
				Utilities/MediaStore.swift,
				Utilities/Modifiers/ScrollRevealingModifier.swift,
				Utilities/SPCObserver.swift,
				Utilities/ThermalStateObserver.swift,
				Utilities/Toasts/Toaster.swift,
				Utilities/Toasts/ToasterContainerModifier.swift,
				Views/CameraActionButton.swift,
				Views/CameraInteractiveView.swift,
				Views/CameraModel.swift,
				Views/CameraOptionsView.swift,
				Views/CameraSecondaryOptionsView.swift,
				Views/CameraViewFinder.swift,
				Views/CircularZoomSlider.swift,
				Views/FilterChainCreatorView.swift,
				Views/FilterConfiguratorView.swift,
				Views/GalleryDetailView.swift,
				Views/GalleryView.swift,
				Views/LevelView.swift,
				Views/MetalRenderView.swift,
				Views/MockCameraModel.swift,
				Views/SettingsView.swift,
				Views/Ticker.swift,
			);
			target = 3174E1642E552BE2006D6EB3 /* FilterCamCaptureExtension */;
		};
		3174E17E2E552E37006D6EB3 /* Exceptions for "FilterCamCaptureExtension" folder in "FilterCam" target */ = {
			isa = PBXFileSystemSynchronizedBuildFileExceptionSet;
			membershipExceptions = (
				OpenMainAppAction.swift,
			);
			target = 31AB53202E54D66F00A51742 /* FilterCam */;
		};
		3174E1AC2E553110006D6EB3 /* Exceptions for "FilterCamWidgets" folder in "FilterCamWidgetsExtension" target */ = {
			isa = PBXFileSystemSynchronizedBuildFileExceptionSet;
			membershipExceptions = (
				Info.plist,
			);
			target = 3174E1952E55310D006D6EB3 /* FilterCamWidgetsExtension */;
		};
		3174E1B72E553246006D6EB3 /* Exceptions for "FilterCam" folder in "FilterCamWidgetsExtension" target */ = {
			isa = PBXFileSystemSynchronizedBuildFileExceptionSet;
			membershipExceptions = (
				Environment/AppConfiguration.swift,
				"Environment/AppConfiguration+Environment.swift",
				"Environment/CaptureExtension+Environment.swift",
				"Environment/ThermalState+Environment.swift",
				"Extensions/Logger+.swift",
				Models/CustomFilter.swift,
				"Models/CustomFilter+Noop.swift",
				"Preview Content/Preview Assets.xcassets",
				Resources/Assets.xcassets,
				Shapes/LevelShape.swift,
				Utilities/AsyncSubject.swift,
				Utilities/Backport.swift,
				Utilities/KVOAsyncObserver.swift,
				Utilities/Layouts/RadialLayout.swift,
				Utilities/Modifiers/ScrollRevealingModifier.swift,
				Utilities/ThermalStateObserver.swift,
				Utilities/Toasts/Toaster.swift,
				Utilities/Toasts/ToasterContainerModifier.swift,
				Views/CameraInteractiveView.swift,
				Views/CircularZoomSlider.swift,
			);
			target = 3174E1952E55310D006D6EB3 /* FilterCamWidgetsExtension */;
		};
/* End PBXFileSystemSynchronizedBuildFileExceptionSet section */

/* Begin PBXFileSystemSynchronizedRootGroup section */
		3174E1662E552BE2006D6EB3 /* FilterCamCaptureExtension */ = {
			isa = PBXFileSystemSynchronizedRootGroup;
			exceptions = (
				3174E17E2E552E37006D6EB3 /* Exceptions for "FilterCamCaptureExtension" folder in "FilterCam" target */,
				3174E16F2E552BE2006D6EB3 /* Exceptions for "FilterCamCaptureExtension" folder in "FilterCamCaptureExtension" target */,
			);
			path = FilterCamCaptureExtension;
			sourceTree = "<group>";
		};
		3174E19C2E55310D006D6EB3 /* FilterCamWidgets */ = {
			isa = PBXFileSystemSynchronizedRootGroup;
			exceptions = (
				3174E1AC2E553110006D6EB3 /* Exceptions for "FilterCamWidgets" folder in "FilterCamWidgetsExtension" target */,
			);
			path = FilterCamWidgets;
			sourceTree = "<group>";
		};
		31AB53232E54D66F00A51742 /* FilterCam */ = {
			isa = PBXFileSystemSynchronizedRootGroup;
			exceptions = (
				31218E602E5C54B70006A606 /* Exceptions for "FilterCam" folder in "FilterCam" target */,
				3174E1752E552C7F006D6EB3 /* Exceptions for "FilterCam" folder in "FilterCamCaptureExtension" target */,
				3174E1B72E553246006D6EB3 /* Exceptions for "FilterCam" folder in "FilterCamWidgetsExtension" target */,
			);
			path = FilterCam;
			sourceTree = "<group>";
		};
/* End PBXFileSystemSynchronizedRootGroup section */

/* Begin PBXFrameworksBuildPhase section */
		3174E1622E552BE2006D6EB3 /* Frameworks */ = {
			isa = PBXFrameworksBuildPhase;
			buildActionMask = 2147483647;
			files = (
				31DF54722E593DE000790201 /* GPUImage in Frameworks */,
				315A6A1C2E61024200358C5D /* FilterCamDependencies in Frameworks */,
			);
			runOnlyForDeploymentPostprocessing = 0;
		};
		3174E1932E55310D006D6EB3 /* Frameworks */ = {
			isa = PBXFrameworksBuildPhase;
			buildActionMask = 2147483647;
			files = (
				3174E19B2E55310D006D6EB3 /* SwiftUI.framework in Frameworks */,
				31AD532C2E61DE7E00ED5453 /* FilterCamShared in Frameworks */,
				312EE4EE2E5B606900CF131D /* GPUImage in Frameworks */,
				31AD54762E61F0C900ED5453 /* FilterCamCore in Frameworks */,
				3174E1992E55310D006D6EB3 /* WidgetKit.framework in Frameworks */,
				31AD54722E61EF3F00ED5453 /* FilterCamUtilities in Frameworks */,
			);
			runOnlyForDeploymentPostprocessing = 0;
		};
		31AB531E2E54D66F00A51742 /* Frameworks */ = {
			isa = PBXFrameworksBuildPhase;
			buildActionMask = 2147483647;
			files = (
				31DF54572E592C8D00790201 /* GPUImage in Frameworks */,
				315A6A1E2E61024E00358C5D /* FilterCamDependencies in Frameworks */,
			);
			runOnlyForDeploymentPostprocessing = 0;
		};
/* End PBXFrameworksBuildPhase section */

/* Begin PBXGroup section */
		3174E1972E55310D006D6EB3 /* Frameworks */ = {
			isa = PBXGroup;
			children = (
				3174E1982E55310D006D6EB3 /* WidgetKit.framework */,
				3174E19A2E55310D006D6EB3 /* SwiftUI.framework */,
			);
			name = Frameworks;
			sourceTree = "<group>";
		};
		31AB53182E54D66F00A51742 = {
			isa = PBXGroup;
			children = (
				31AB53232E54D66F00A51742 /* FilterCam */,
				3174E1662E552BE2006D6EB3 /* FilterCamCaptureExtension */,
				3174E19C2E55310D006D6EB3 /* FilterCamWidgets */,
				3174E1972E55310D006D6EB3 /* Frameworks */,
				31AB53222E54D66F00A51742 /* Products */,
			);
			sourceTree = "<group>";
		};
		31AB53222E54D66F00A51742 /* Products */ = {
			isa = PBXGroup;
			children = (
				31AB53212E54D66F00A51742 /* FilterCam.app */,
				3174E1652E552BE2006D6EB3 /* FilterCamCaptureExtension.appex */,
				3174E1962E55310D006D6EB3 /* FilterCamWidgetsExtension.appex */,
			);
			name = Products;
			sourceTree = "<group>";
		};
/* End PBXGroup section */

/* Begin PBXNativeTarget section */
		3174E1642E552BE2006D6EB3 /* FilterCamCaptureExtension */ = {
			isa = PBXNativeTarget;
			buildConfigurationList = 3174E1702E552BE2006D6EB3 /* Build configuration list for PBXNativeTarget "FilterCamCaptureExtension" */;
			buildPhases = (
				3174E1612E552BE2006D6EB3 /* Sources */,
				3174E1622E552BE2006D6EB3 /* Frameworks */,
				3174E1632E552BE2006D6EB3 /* Resources */,
			);
			buildRules = (
			);
			dependencies = (
			);
			fileSystemSynchronizedGroups = (
				3174E1662E552BE2006D6EB3 /* FilterCamCaptureExtension */,
			);
			name = FilterCamCaptureExtension;
			packageProductDependencies = (
				31DF54712E593DE000790201 /* GPUImage */,
				315A6A1B2E61024200358C5D /* FilterCamDependencies */,
			);
			productName = FilterCamCaptureExtension;
			productReference = 3174E1652E552BE2006D6EB3 /* FilterCamCaptureExtension.appex */;
			productType = "com.apple.product-type.extensionkit-extension";
		};
		3174E1952E55310D006D6EB3 /* FilterCamWidgetsExtension */ = {
			isa = PBXNativeTarget;
			buildConfigurationList = 3174E1A92E553110006D6EB3 /* Build configuration list for PBXNativeTarget "FilterCamWidgetsExtension" */;
			buildPhases = (
				3174E1922E55310D006D6EB3 /* Sources */,
				3174E1932E55310D006D6EB3 /* Frameworks */,
				3174E1942E55310D006D6EB3 /* Resources */,
			);
			buildRules = (
			);
			dependencies = (
			);
			fileSystemSynchronizedGroups = (
				3174E19C2E55310D006D6EB3 /* FilterCamWidgets */,
			);
			name = FilterCamWidgetsExtension;
			packageProductDependencies = (
				312EE4ED2E5B606900CF131D /* GPUImage */,
				31AD532B2E61DE7E00ED5453 /* FilterCamShared */,
				31AD54712E61EF3F00ED5453 /* FilterCamUtilities */,
				31AD54752E61F0C900ED5453 /* FilterCamCore */,
			);
			productName = FilterCamWidgetsExtension;
			productReference = 3174E1962E55310D006D6EB3 /* FilterCamWidgetsExtension.appex */;
			productType = "com.apple.product-type.app-extension";
		};
		31AB53202E54D66F00A51742 /* FilterCam */ = {
			isa = PBXNativeTarget;
			buildConfigurationList = 31AB532F2E54D67200A51742 /* Build configuration list for PBXNativeTarget "FilterCam" */;
			buildPhases = (
				31AB531D2E54D66F00A51742 /* Sources */,
				31AB531E2E54D66F00A51742 /* Frameworks */,
				31AB531F2E54D66F00A51742 /* Resources */,
				3174E1732E552BE2006D6EB3 /* Embed ExtensionKit Extensions */,
				3174E1AD2E553110006D6EB3 /* Embed Foundation Extensions */,
			);
			buildRules = (
			);
			dependencies = (
				3174E16D2E552BE2006D6EB3 /* PBXTargetDependency */,
				3174E1A72E553110006D6EB3 /* PBXTargetDependency */,
			);
			fileSystemSynchronizedGroups = (
				31AB53232E54D66F00A51742 /* FilterCam */,
			);
			name = FilterCam;
			packageProductDependencies = (
				31DF54562E592C8D00790201 /* GPUImage */,
				315A6A1D2E61024E00358C5D /* FilterCamDependencies */,
			);
			productName = FilterCam;
			productReference = 31AB53212E54D66F00A51742 /* FilterCam.app */;
			productType = "com.apple.product-type.application";
		};
/* End PBXNativeTarget section */

/* Begin PBXProject section */
		31AB53192E54D66F00A51742 /* Project object */ = {
			isa = PBXProject;
			attributes = {
				BuildIndependentTargetsInParallel = 1;
				LastSwiftUpdateCheck = 1600;
				LastUpgradeCheck = 1600;
				TargetAttributes = {
					3174E1642E552BE2006D6EB3 = {
						CreatedOnToolsVersion = 16.0;
					};
					3174E1952E55310D006D6EB3 = {
						CreatedOnToolsVersion = 16.0;
					};
					31AB53202E54D66F00A51742 = {
						CreatedOnToolsVersion = 16.0;
					};
				};
			};
			buildConfigurationList = 31AB531C2E54D66F00A51742 /* Build configuration list for PBXProject "FilterCam" */;
			developmentRegion = en;
			hasScannedForEncodings = 0;
			knownRegions = (
				en,
				Base,
			);
			mainGroup = 31AB53182E54D66F00A51742;
			minimizedProjectReferenceProxies = 1;
			packageReferences = (
				31DF54552E592C8D00790201 /* XCRemoteSwiftPackageReference "GPUImage3" */,
			);
			preferredProjectObjectVersion = 77;
			productRefGroup = 31AB53222E54D66F00A51742 /* Products */;
			projectDirPath = "";
			projectRoot = "";
			targets = (
				31AB53202E54D66F00A51742 /* FilterCam */,
				3174E1642E552BE2006D6EB3 /* FilterCamCaptureExtension */,
				3174E1952E55310D006D6EB3 /* FilterCamWidgetsExtension */,
			);
		};
/* End PBXProject section */

/* Begin PBXResourcesBuildPhase section */
		3174E1632E552BE2006D6EB3 /* Resources */ = {
			isa = PBXResourcesBuildPhase;
			buildActionMask = 2147483647;
			files = (
			);
			runOnlyForDeploymentPostprocessing = 0;
		};
		3174E1942E55310D006D6EB3 /* Resources */ = {
			isa = PBXResourcesBuildPhase;
			buildActionMask = 2147483647;
			files = (
			);
			runOnlyForDeploymentPostprocessing = 0;
		};
		31AB531F2E54D66F00A51742 /* Resources */ = {
			isa = PBXResourcesBuildPhase;
			buildActionMask = 2147483647;
			files = (
			);
			runOnlyForDeploymentPostprocessing = 0;
		};
/* End PBXResourcesBuildPhase section */

/* Begin PBXSourcesBuildPhase section */
		3174E1612E552BE2006D6EB3 /* Sources */ = {
			isa = PBXSourcesBuildPhase;
			buildActionMask = 2147483647;
			files = (
			);
			runOnlyForDeploymentPostprocessing = 0;
		};
		3174E1922E55310D006D6EB3 /* Sources */ = {
			isa = PBXSourcesBuildPhase;
			buildActionMask = 2147483647;
			files = (
			);
			runOnlyForDeploymentPostprocessing = 0;
		};
		31AB531D2E54D66F00A51742 /* Sources */ = {
			isa = PBXSourcesBuildPhase;
			buildActionMask = 2147483647;
			files = (
			);
			runOnlyForDeploymentPostprocessing = 0;
		};
/* End PBXSourcesBuildPhase section */

/* Begin PBXTargetDependency section */
		3174E16D2E552BE2006D6EB3 /* PBXTargetDependency */ = {
			isa = PBXTargetDependency;
			target = 3174E1642E552BE2006D6EB3 /* FilterCamCaptureExtension */;
			targetProxy = 3174E16C2E552BE2006D6EB3 /* PBXContainerItemProxy */;
		};
		3174E1A72E553110006D6EB3 /* PBXTargetDependency */ = {
			isa = PBXTargetDependency;
			target = 3174E1952E55310D006D6EB3 /* FilterCamWidgetsExtension */;
			targetProxy = 3174E1A62E553110006D6EB3 /* PBXContainerItemProxy */;
		};
/* End PBXTargetDependency section */

/* Begin XCBuildConfiguration section */
		3174E1712E552BE2006D6EB3 /* Debug */ = {
			isa = XCBuildConfiguration;
			buildSettings = {
				CODE_SIGN_STYLE = Automatic;
				CURRENT_PROJECT_VERSION = 1;
				DEVELOPMENT_TEAM = K79BRFXPP9;
				GENERATE_INFOPLIST_FILE = YES;
				INFOPLIST_FILE = FilterCamCaptureExtension/Info.plist;
				INFOPLIST_KEY_CFBundleDisplayName = FilterCamCaptureExtension;
				INFOPLIST_KEY_NSCameraUsageDescription = "This permission allows us to capture photos using your device's cameras.";
				INFOPLIST_KEY_NSHumanReadableCopyright = "";
				INFOPLIST_KEY_NSMicrophoneUsageDescription = "This permission allows us to record audio for videos.";
				IPHONEOS_DEPLOYMENT_TARGET = 18.0;
				LD_RUNPATH_SEARCH_PATHS = (
					"$(inherited)",
					"@executable_path/Frameworks",
					"@executable_path/../../Frameworks",
				);
				MARKETING_VERSION = 1.0;
				PRODUCT_BUNDLE_IDENTIFIER = com.nozhana.FilterCam.FilterCamCaptureExtension;
				PRODUCT_NAME = "$(TARGET_NAME)";
				SKIP_INSTALL = YES;
				SWIFT_EMIT_LOC_STRINGS = YES;
				SWIFT_VERSION = 5.0;
				TARGETED_DEVICE_FAMILY = "1,2";
			};
			name = Debug;
		};
		3174E1722E552BE2006D6EB3 /* Release */ = {
			isa = XCBuildConfiguration;
			buildSettings = {
				CODE_SIGN_STYLE = Automatic;
				CURRENT_PROJECT_VERSION = 1;
				DEVELOPMENT_TEAM = K79BRFXPP9;
				GENERATE_INFOPLIST_FILE = YES;
				INFOPLIST_FILE = FilterCamCaptureExtension/Info.plist;
				INFOPLIST_KEY_CFBundleDisplayName = FilterCamCaptureExtension;
				INFOPLIST_KEY_NSCameraUsageDescription = "This permission allows us to capture photos using your device's cameras.";
				INFOPLIST_KEY_NSHumanReadableCopyright = "";
				INFOPLIST_KEY_NSMicrophoneUsageDescription = "This permission allows us to record audio for videos.";
				IPHONEOS_DEPLOYMENT_TARGET = 18.0;
				LD_RUNPATH_SEARCH_PATHS = (
					"$(inherited)",
					"@executable_path/Frameworks",
					"@executable_path/../../Frameworks",
				);
				MARKETING_VERSION = 1.0;
				PRODUCT_BUNDLE_IDENTIFIER = com.nozhana.FilterCam.FilterCamCaptureExtension;
				PRODUCT_NAME = "$(TARGET_NAME)";
				SKIP_INSTALL = YES;
				SWIFT_EMIT_LOC_STRINGS = YES;
				SWIFT_VERSION = 5.0;
				TARGETED_DEVICE_FAMILY = "1,2";
			};
			name = Release;
		};
		3174E1AA2E553110006D6EB3 /* Debug */ = {
			isa = XCBuildConfiguration;
			buildSettings = {
				ASSETCATALOG_COMPILER_GLOBAL_ACCENT_COLOR_NAME = AccentColor;
				ASSETCATALOG_COMPILER_WIDGET_BACKGROUND_COLOR_NAME = WidgetBackground;
				CODE_SIGN_STYLE = Automatic;
				CURRENT_PROJECT_VERSION = 1;
				DEVELOPMENT_TEAM = K79BRFXPP9;
				GENERATE_INFOPLIST_FILE = YES;
				INFOPLIST_FILE = FilterCamWidgets/Info.plist;
				INFOPLIST_KEY_CFBundleDisplayName = FilterCamWidgets;
				INFOPLIST_KEY_NSHumanReadableCopyright = "";
				IPHONEOS_DEPLOYMENT_TARGET = 17.0;
				LD_RUNPATH_SEARCH_PATHS = (
					"$(inherited)",
					"@executable_path/Frameworks",
					"@executable_path/../../Frameworks",
				);
				MARKETING_VERSION = 1.0;
				PRODUCT_BUNDLE_IDENTIFIER = com.nozhana.FilterCam.FilterCamWidgets;
				PRODUCT_NAME = "$(TARGET_NAME)";
				SKIP_INSTALL = YES;
				SWIFT_EMIT_LOC_STRINGS = YES;
				SWIFT_VERSION = 5.0;
				TARGETED_DEVICE_FAMILY = "1,2";
			};
			name = Debug;
		};
		3174E1AB2E553110006D6EB3 /* Release */ = {
			isa = XCBuildConfiguration;
			buildSettings = {
				ASSETCATALOG_COMPILER_GLOBAL_ACCENT_COLOR_NAME = AccentColor;
				ASSETCATALOG_COMPILER_WIDGET_BACKGROUND_COLOR_NAME = WidgetBackground;
				CODE_SIGN_STYLE = Automatic;
				CURRENT_PROJECT_VERSION = 1;
				DEVELOPMENT_TEAM = K79BRFXPP9;
				GENERATE_INFOPLIST_FILE = YES;
				INFOPLIST_FILE = FilterCamWidgets/Info.plist;
				INFOPLIST_KEY_CFBundleDisplayName = FilterCamWidgets;
				INFOPLIST_KEY_NSHumanReadableCopyright = "";
				IPHONEOS_DEPLOYMENT_TARGET = 17.0;
				LD_RUNPATH_SEARCH_PATHS = (
					"$(inherited)",
					"@executable_path/Frameworks",
					"@executable_path/../../Frameworks",
				);
				MARKETING_VERSION = 1.0;
				PRODUCT_BUNDLE_IDENTIFIER = com.nozhana.FilterCam.FilterCamWidgets;
				PRODUCT_NAME = "$(TARGET_NAME)";
				SKIP_INSTALL = YES;
				SWIFT_EMIT_LOC_STRINGS = YES;
				SWIFT_VERSION = 5.0;
				TARGETED_DEVICE_FAMILY = "1,2";
			};
			name = Release;
		};
		31AB532D2E54D67200A51742 /* Debug */ = {
			isa = XCBuildConfiguration;
			buildSettings = {
				ALWAYS_SEARCH_USER_PATHS = NO;
				ASSETCATALOG_COMPILER_GENERATE_SWIFT_ASSET_SYMBOL_EXTENSIONS = YES;
				CLANG_ANALYZER_NONNULL = YES;
				CLANG_ANALYZER_NUMBER_OBJECT_CONVERSION = YES_AGGRESSIVE;
				CLANG_CXX_LANGUAGE_STANDARD = "gnu++20";
				CLANG_ENABLE_MODULES = YES;
				CLANG_ENABLE_OBJC_ARC = YES;
				CLANG_ENABLE_OBJC_WEAK = YES;
				CLANG_WARN_BLOCK_CAPTURE_AUTORELEASING = YES;
				CLANG_WARN_BOOL_CONVERSION = YES;
				CLANG_WARN_COMMA = YES;
				CLANG_WARN_CONSTANT_CONVERSION = YES;
				CLANG_WARN_DEPRECATED_OBJC_IMPLEMENTATIONS = YES;
				CLANG_WARN_DIRECT_OBJC_ISA_USAGE = YES_ERROR;
				CLANG_WARN_DOCUMENTATION_COMMENTS = YES;
				CLANG_WARN_EMPTY_BODY = YES;
				CLANG_WARN_ENUM_CONVERSION = YES;
				CLANG_WARN_INFINITE_RECURSION = YES;
				CLANG_WARN_INT_CONVERSION = YES;
				CLANG_WARN_NON_LITERAL_NULL_CONVERSION = YES;
				CLANG_WARN_OBJC_IMPLICIT_RETAIN_SELF = YES;
				CLANG_WARN_OBJC_LITERAL_CONVERSION = YES;
				CLANG_WARN_OBJC_ROOT_CLASS = YES_ERROR;
				CLANG_WARN_QUOTED_INCLUDE_IN_FRAMEWORK_HEADER = YES;
				CLANG_WARN_RANGE_LOOP_ANALYSIS = YES;
				CLANG_WARN_STRICT_PROTOTYPES = YES;
				CLANG_WARN_SUSPICIOUS_MOVE = YES;
				CLANG_WARN_UNGUARDED_AVAILABILITY = YES_AGGRESSIVE;
				CLANG_WARN_UNREACHABLE_CODE = YES;
				CLANG_WARN__DUPLICATE_METHOD_MATCH = YES;
				COPY_PHASE_STRIP = NO;
				DEBUG_INFORMATION_FORMAT = dwarf;
				ENABLE_STRICT_OBJC_MSGSEND = YES;
				ENABLE_TESTABILITY = YES;
				ENABLE_USER_SCRIPT_SANDBOXING = YES;
				GCC_C_LANGUAGE_STANDARD = gnu17;
				GCC_DYNAMIC_NO_PIC = NO;
				GCC_NO_COMMON_BLOCKS = YES;
				GCC_OPTIMIZATION_LEVEL = 0;
				GCC_PREPROCESSOR_DEFINITIONS = (
					"DEBUG=1",
					"$(inherited)",
				);
				GCC_WARN_64_TO_32_BIT_CONVERSION = YES;
				GCC_WARN_ABOUT_RETURN_TYPE = YES_ERROR;
				GCC_WARN_UNDECLARED_SELECTOR = YES;
				GCC_WARN_UNINITIALIZED_AUTOS = YES_AGGRESSIVE;
				GCC_WARN_UNUSED_FUNCTION = YES;
				GCC_WARN_UNUSED_VARIABLE = YES;
				IPHONEOS_DEPLOYMENT_TARGET = 17.6;
				LOCALIZATION_PREFERS_STRING_CATALOGS = YES;
				MTL_ENABLE_DEBUG_INFO = INCLUDE_SOURCE;
				MTL_FAST_MATH = YES;
				ONLY_ACTIVE_ARCH = YES;
				SDKROOT = iphoneos;
				SWIFT_ACTIVE_COMPILATION_CONDITIONS = "DEBUG $(inherited)";
				SWIFT_OPTIMIZATION_LEVEL = "-Onone";
			};
			name = Debug;
		};
		31AB532E2E54D67200A51742 /* Release */ = {
			isa = XCBuildConfiguration;
			buildSettings = {
				ALWAYS_SEARCH_USER_PATHS = NO;
				ASSETCATALOG_COMPILER_GENERATE_SWIFT_ASSET_SYMBOL_EXTENSIONS = YES;
				CLANG_ANALYZER_NONNULL = YES;
				CLANG_ANALYZER_NUMBER_OBJECT_CONVERSION = YES_AGGRESSIVE;
				CLANG_CXX_LANGUAGE_STANDARD = "gnu++20";
				CLANG_ENABLE_MODULES = YES;
				CLANG_ENABLE_OBJC_ARC = YES;
				CLANG_ENABLE_OBJC_WEAK = YES;
				CLANG_WARN_BLOCK_CAPTURE_AUTORELEASING = YES;
				CLANG_WARN_BOOL_CONVERSION = YES;
				CLANG_WARN_COMMA = YES;
				CLANG_WARN_CONSTANT_CONVERSION = YES;
				CLANG_WARN_DEPRECATED_OBJC_IMPLEMENTATIONS = YES;
				CLANG_WARN_DIRECT_OBJC_ISA_USAGE = YES_ERROR;
				CLANG_WARN_DOCUMENTATION_COMMENTS = YES;
				CLANG_WARN_EMPTY_BODY = YES;
				CLANG_WARN_ENUM_CONVERSION = YES;
				CLANG_WARN_INFINITE_RECURSION = YES;
				CLANG_WARN_INT_CONVERSION = YES;
				CLANG_WARN_NON_LITERAL_NULL_CONVERSION = YES;
				CLANG_WARN_OBJC_IMPLICIT_RETAIN_SELF = YES;
				CLANG_WARN_OBJC_LITERAL_CONVERSION = YES;
				CLANG_WARN_OBJC_ROOT_CLASS = YES_ERROR;
				CLANG_WARN_QUOTED_INCLUDE_IN_FRAMEWORK_HEADER = YES;
				CLANG_WARN_RANGE_LOOP_ANALYSIS = YES;
				CLANG_WARN_STRICT_PROTOTYPES = YES;
				CLANG_WARN_SUSPICIOUS_MOVE = YES;
				CLANG_WARN_UNGUARDED_AVAILABILITY = YES_AGGRESSIVE;
				CLANG_WARN_UNREACHABLE_CODE = YES;
				CLANG_WARN__DUPLICATE_METHOD_MATCH = YES;
				COPY_PHASE_STRIP = NO;
				DEBUG_INFORMATION_FORMAT = "dwarf-with-dsym";
				ENABLE_NS_ASSERTIONS = NO;
				ENABLE_STRICT_OBJC_MSGSEND = YES;
				ENABLE_USER_SCRIPT_SANDBOXING = YES;
				GCC_C_LANGUAGE_STANDARD = gnu17;
				GCC_NO_COMMON_BLOCKS = YES;
				GCC_WARN_64_TO_32_BIT_CONVERSION = YES;
				GCC_WARN_ABOUT_RETURN_TYPE = YES_ERROR;
				GCC_WARN_UNDECLARED_SELECTOR = YES;
				GCC_WARN_UNINITIALIZED_AUTOS = YES_AGGRESSIVE;
				GCC_WARN_UNUSED_FUNCTION = YES;
				GCC_WARN_UNUSED_VARIABLE = YES;
				IPHONEOS_DEPLOYMENT_TARGET = 17.6;
				LOCALIZATION_PREFERS_STRING_CATALOGS = YES;
				MTL_ENABLE_DEBUG_INFO = NO;
				MTL_FAST_MATH = YES;
				SDKROOT = iphoneos;
				SWIFT_COMPILATION_MODE = wholemodule;
				VALIDATE_PRODUCT = YES;
			};
			name = Release;
		};
		31AB53302E54D67200A51742 /* Debug */ = {
			isa = XCBuildConfiguration;
			buildSettings = {
				ASSETCATALOG_COMPILER_APPICON_NAME = AppIcon;
				ASSETCATALOG_COMPILER_GLOBAL_ACCENT_COLOR_NAME = AccentColor;
				CODE_SIGN_STYLE = Automatic;
				CURRENT_PROJECT_VERSION = 1;
				DEVELOPMENT_ASSET_PATHS = "\"FilterCam/Preview Content\"";
				DEVELOPMENT_TEAM = K79BRFXPP9;
				ENABLE_PREVIEWS = YES;
				GENERATE_INFOPLIST_FILE = YES;
				INFOPLIST_KEY_CFBundleDisplayName = FilterCam;
				INFOPLIST_KEY_NSCameraUsageDescription = "This permission allows us to capture photos using your device's cameras.";
				INFOPLIST_KEY_NSMicrophoneUsageDescription = "This permission allows us to record audio for videos.";
				INFOPLIST_KEY_UIApplicationSceneManifest_Generation = YES;
				INFOPLIST_KEY_UIApplicationSupportsIndirectInputEvents = YES;
				INFOPLIST_KEY_UILaunchScreen_Generation = YES;
				INFOPLIST_KEY_UIRequiresFullScreen = YES;
				INFOPLIST_KEY_UISupportedInterfaceOrientations = UIInterfaceOrientationPortrait;
				INFOPLIST_KEY_UISupportedInterfaceOrientations_iPad = "UIInterfaceOrientationPortrait UIInterfaceOrientationPortraitUpsideDown";
				INFOPLIST_KEY_UIUserInterfaceStyle = Dark;
				IPHONEOS_DEPLOYMENT_TARGET = 17.0;
				LD_RUNPATH_SEARCH_PATHS = (
					"$(inherited)",
					"@executable_path/Frameworks",
				);
				MARKETING_VERSION = 1.0;
				PRODUCT_BUNDLE_IDENTIFIER = com.nozhana.FilterCam;
				PRODUCT_NAME = "$(TARGET_NAME)";
				SUPPORTED_PLATFORMS = "iphoneos iphonesimulator";
				SUPPORTS_MACCATALYST = NO;
				SUPPORTS_MAC_DESIGNED_FOR_IPHONE_IPAD = NO;
				SUPPORTS_XR_DESIGNED_FOR_IPHONE_IPAD = NO;
				SWIFT_EMIT_LOC_STRINGS = YES;
				SWIFT_VERSION = 5.0;
				TARGETED_DEVICE_FAMILY = "1,2";
			};
			name = Debug;
		};
		31AB53312E54D67200A51742 /* Release */ = {
			isa = XCBuildConfiguration;
			buildSettings = {
				ASSETCATALOG_COMPILER_APPICON_NAME = AppIcon;
				ASSETCATALOG_COMPILER_GLOBAL_ACCENT_COLOR_NAME = AccentColor;
				CODE_SIGN_STYLE = Automatic;
				CURRENT_PROJECT_VERSION = 1;
				DEVELOPMENT_ASSET_PATHS = "\"FilterCam/Preview Content\"";
				DEVELOPMENT_TEAM = K79BRFXPP9;
				ENABLE_PREVIEWS = YES;
				GENERATE_INFOPLIST_FILE = YES;
				INFOPLIST_KEY_CFBundleDisplayName = FilterCam;
				INFOPLIST_KEY_NSCameraUsageDescription = "This permission allows us to capture photos using your device's cameras.";
				INFOPLIST_KEY_NSMicrophoneUsageDescription = "This permission allows us to record audio for videos.";
				INFOPLIST_KEY_UIApplicationSceneManifest_Generation = YES;
				INFOPLIST_KEY_UIApplicationSupportsIndirectInputEvents = YES;
				INFOPLIST_KEY_UILaunchScreen_Generation = YES;
				INFOPLIST_KEY_UIRequiresFullScreen = YES;
				INFOPLIST_KEY_UISupportedInterfaceOrientations = UIInterfaceOrientationPortrait;
				INFOPLIST_KEY_UISupportedInterfaceOrientations_iPad = "UIInterfaceOrientationPortrait UIInterfaceOrientationPortraitUpsideDown";
				INFOPLIST_KEY_UIUserInterfaceStyle = Dark;
				IPHONEOS_DEPLOYMENT_TARGET = 17.0;
				LD_RUNPATH_SEARCH_PATHS = (
					"$(inherited)",
					"@executable_path/Frameworks",
				);
				MARKETING_VERSION = 1.0;
				PRODUCT_BUNDLE_IDENTIFIER = com.nozhana.FilterCam;
				PRODUCT_NAME = "$(TARGET_NAME)";
				SUPPORTED_PLATFORMS = "iphoneos iphonesimulator";
				SUPPORTS_MACCATALYST = NO;
				SUPPORTS_MAC_DESIGNED_FOR_IPHONE_IPAD = NO;
				SUPPORTS_XR_DESIGNED_FOR_IPHONE_IPAD = NO;
				SWIFT_EMIT_LOC_STRINGS = YES;
				SWIFT_VERSION = 5.0;
				TARGETED_DEVICE_FAMILY = "1,2";
			};
			name = Release;
		};
/* End XCBuildConfiguration section */

/* Begin XCConfigurationList section */
		3174E1702E552BE2006D6EB3 /* Build configuration list for PBXNativeTarget "FilterCamCaptureExtension" */ = {
			isa = XCConfigurationList;
			buildConfigurations = (
				3174E1712E552BE2006D6EB3 /* Debug */,
				3174E1722E552BE2006D6EB3 /* Release */,
			);
			defaultConfigurationIsVisible = 0;
			defaultConfigurationName = Release;
		};
		3174E1A92E553110006D6EB3 /* Build configuration list for PBXNativeTarget "FilterCamWidgetsExtension" */ = {
			isa = XCConfigurationList;
			buildConfigurations = (
				3174E1AA2E553110006D6EB3 /* Debug */,
				3174E1AB2E553110006D6EB3 /* Release */,
			);
			defaultConfigurationIsVisible = 0;
			defaultConfigurationName = Release;
		};
		31AB531C2E54D66F00A51742 /* Build configuration list for PBXProject "FilterCam" */ = {
			isa = XCConfigurationList;
			buildConfigurations = (
				31AB532D2E54D67200A51742 /* Debug */,
				31AB532E2E54D67200A51742 /* Release */,
			);
			defaultConfigurationIsVisible = 0;
			defaultConfigurationName = Release;
		};
		31AB532F2E54D67200A51742 /* Build configuration list for PBXNativeTarget "FilterCam" */ = {
			isa = XCConfigurationList;
			buildConfigurations = (
				31AB53302E54D67200A51742 /* Debug */,
				31AB53312E54D67200A51742 /* Release */,
			);
			defaultConfigurationIsVisible = 0;
			defaultConfigurationName = Release;
		};
/* End XCConfigurationList section */

/* Begin XCRemoteSwiftPackageReference section */
		31DF54552E592C8D00790201 /* XCRemoteSwiftPackageReference "GPUImage3" */ = {
			isa = XCRemoteSwiftPackageReference;
			repositoryURL = "https://github.com/BradLarson/GPUImage3";
			requirement = {
				branch = main;
				kind = branch;
			};
		};
/* End XCRemoteSwiftPackageReference section */

/* Begin XCSwiftPackageProductDependency section */
		312EE4ED2E5B606900CF131D /* GPUImage */ = {
			isa = XCSwiftPackageProductDependency;
			package = 31DF54552E592C8D00790201 /* XCRemoteSwiftPackageReference "GPUImage3" */;
			productName = GPUImage;
		};
		315A6A1B2E61024200358C5D /* FilterCamDependencies */ = {
			isa = XCSwiftPackageProductDependency;
			productName = FilterCamDependencies;
		};
		315A6A1D2E61024E00358C5D /* FilterCamDependencies */ = {
			isa = XCSwiftPackageProductDependency;
			productName = FilterCamDependencies;
		};
		31AD532B2E61DE7E00ED5453 /* FilterCamShared */ = {
			isa = XCSwiftPackageProductDependency;
			productName = FilterCamShared;
		};
		31AD54712E61EF3F00ED5453 /* FilterCamUtilities */ = {
			isa = XCSwiftPackageProductDependency;
			productName = FilterCamUtilities;
		};
		31AD54752E61F0C900ED5453 /* FilterCamCore */ = {
			isa = XCSwiftPackageProductDependency;
			productName = FilterCamCore;
		};
		31DF54562E592C8D00790201 /* GPUImage */ = {
			isa = XCSwiftPackageProductDependency;
			package = 31DF54552E592C8D00790201 /* XCRemoteSwiftPackageReference "GPUImage3" */;
			productName = GPUImage;
		};
		31DF54712E593DE000790201 /* GPUImage */ = {
			isa = XCSwiftPackageProductDependency;
			package = 31DF54552E592C8D00790201 /* XCRemoteSwiftPackageReference "GPUImage3" */;
			productName = GPUImage;
		};
/* End XCSwiftPackageProductDependency section */
	};
	rootObject = 31AB53192E54D66F00A51742 /* Project object */;
}
